
Microsoft Visual Studio Solution File, Format Version 12.00
# Visual Studio Version 17
VisualStudioVersion = 17.2.32630.192
MinimumVisualStudioVersion = 10.0.40219.1
Project("{9A19103F-16F7-4668-BE54-9A1E7A4F7556}") = "MancalaDataSnipper", "MancalaDataSnipper\MancalaDataSnipper.csproj", "{38CBA8D0-A4CA-42F7-A06A-997BCA681A0A}"
EndProject
Project("{FAE04EC0-301F-11D3-BF4B-00C04F79EFBC}") = "MancalaDataSnipper.Tests", "MancalaDataSnipper.Tests\MancalaDataSnipper.Tests.csproj", "{39A0B0CC-3E1D-4A35-B495-46D5AD63A0C7}"
EndProject
Global
	GlobalSection(SolutionConfigurationPlatforms) = preSolution
		Debug|Any CPU = Debug|Any CPU
		Release|Any CPU = Release|Any CPU
	EndGlobalSection
	GlobalSection(ProjectConfigurationPlatforms) = postSolution
		{38CBA8D0-A4CA-42F7-A06A-997BCA681A0A}.Debug|Any CPU.ActiveCfg = Debug|Any CPU
		{38CBA8D0-A4CA-42F7-A06A-997BCA681A0A}.Debug|Any CPU.Build.0 = Debug|Any CPU
		{38CBA8D0-A4CA-42F7-A06A-997BCA681A0A}.Release|Any CPU.ActiveCfg = Release|Any CPU
		{38CBA8D0-A4CA-42F7-A06A-997BCA681A0A}.Release|Any CPU.Build.0 = Release|Any CPU
		{39A0B0CC-3E1D-4A35-B495-46D5AD63A0C7}.Debug|Any CPU.ActiveCfg = Debug|Any CPU
		{39A0B0CC-3E1D-4A35-B495-46D5AD63A0C7}.Debug|Any CPU.Build.0 = Debug|Any CPU
		{39A0B0CC-3E1D-4A35-B495-46D5AD63A0C7}.Release|Any CPU.ActiveCfg = Release|Any CPU
		{39A0B0CC-3E1D-4A35-B495-46D5AD63A0C7}.Release|Any CPU.Build.0 = Release|Any CPU
	EndGlobalSection
	GlobalSection(SolutionProperties) = preSolution
		HideSolutionNode = FALSE
	EndGlobalSection
	GlobalSection(ExtensibilityGlobals) = postSolution
		SolutionGuid = {96EC344C-5788-4924-8D1B-BE103A3EDF58}
	EndGlobalSection
EndGlobal
